
Microsoft Visual Studio Solution File, Format Version 12.00
# Visual Studio Version 16
VisualStudioVersion = 16.0.32002.261
MinimumVisualStudioVersion = 10.0.40219.1
Project("{FAE04EC0-301F-11D3-BF4B-00C04F79EFBC}") = "LeetCode", "LeetCode\LeetCode.csproj", "{697AA22B-C9E1-4F60-97AB-2FB02994880F}"
EndProject
Project("{FAE04EC0-301F-11D3-BF4B-00C04F79EFBC}") = "LeetCodeTests", "LeetCodeTests\LeetCodeTests.csproj", "{C6EF8070-C062-4882-B1F6-C8C992C904DA}"
EndProject
Global
	GlobalSection(SolutionConfigurationPlatforms) = preSolution
		Debug|Any CPU = Debug|Any CPU
		Release|Any CPU = Release|Any CPU
	EndGlobalSection
	GlobalSection(ProjectConfigurationPlatforms) = postSolution
		{697AA22B-C9E1-4F60-97AB-2FB02994880F}.Debug|Any CPU.ActiveCfg = Debug|Any CPU
		{697AA22B-C9E1-4F60-97AB-2FB02994880F}.Debug|Any CPU.Build.0 = Debug|Any CPU
		{697AA22B-C9E1-4F60-97AB-2FB02994880F}.Release|Any CPU.ActiveCfg = Release|Any CPU
		{697AA22B-C9E1-4F60-97AB-2FB02994880F}.Release|Any CPU.Build.0 = Release|Any CPU
		{C6EF8070-C062-4882-B1F6-C8C992C904DA}.Debug|Any CPU.ActiveCfg = Debug|Any CPU
		{C6EF8070-C062-4882-B1F6-C8C992C904DA}.Debug|Any CPU.Build.0 = Debug|Any CPU
		{C6EF8070-C062-4882-B1F6-C8C992C904DA}.Release|Any CPU.ActiveCfg = Release|Any CPU
		{C6EF8070-C062-4882-B1F6-C8C992C904DA}.Release|Any CPU.Build.0 = Release|Any CPU
	EndGlobalSection
	GlobalSection(SolutionProperties) = preSolution
		HideSolutionNode = FALSE
	EndGlobalSection
	GlobalSection(ExtensibilityGlobals) = postSolution
		SolutionGuid = {6E880129-A8E2-4759-814A-5CB7A8368DD4}
	EndGlobalSection
EndGlobal
